
Microsoft Visual Studio Solution File, Format Version 12.00
# Visual Studio Version 17
VisualStudioVersion = 17.5.33516.290
MinimumVisualStudioVersion = 10.0.40219.1
Project("{FAE04EC0-301F-11D3-BF4B-00C04F79EFBC}") = "Api_Mine", "Api_Mine\Api_Mine.csproj", "{4E6F23BE-42F4-488A-A333-CC885BB8F248}"
EndProject
Global
	GlobalSection(SolutionConfigurationPlatforms) = preSolution
		Debug|Any CPU = Debug|Any CPU
		Release|Any CPU = Release|Any CPU
	EndGlobalSection
	GlobalSection(ProjectConfigurationPlatforms) = postSolution
		{4E6F23BE-42F4-488A-A333-CC885BB8F248}.Debug|Any CPU.ActiveCfg = Debug|Any CPU
		{4E6F23BE-42F4-488A-A333-CC885BB8F248}.Debug|Any CPU.Build.0 = Debug|Any CPU
		{4E6F23BE-42F4-488A-A333-CC885BB8F248}.Release|Any CPU.ActiveCfg = Release|Any CPU
		{4E6F23BE-42F4-488A-A333-CC885BB8F248}.Release|Any CPU.Build.0 = Release|Any CPU
	EndGlobalSection
	GlobalSection(SolutionProperties) = preSolution
		HideSolutionNode = FALSE
	EndGlobalSection
	GlobalSection(ExtensibilityGlobals) = postSolution
		SolutionGuid = {0CDD2C22-D030-4044-8EF8-F8C2E737705A}
	EndGlobalSection
EndGlobal
